
Microsoft Visual Studio Solution File, Format Version 12.00
# Visual Studio Version 16
VisualStudioVersion = 16.0.31112.23
MinimumVisualStudioVersion = 10.0.40219.1
Project("{FAE04EC0-301F-11D3-BF4B-00C04F79EFBC}") = "sprawdzian zad3", "sprawdzian zad3\sprawdzian zad3.csproj", "{FB44BAD0-067F-43B5-87C5-944B3397D918}"
EndProject
Global
	GlobalSection(SolutionConfigurationPlatforms) = preSolution
		Debug|Any CPU = Debug|Any CPU
		Release|Any CPU = Release|Any CPU
	EndGlobalSection
	GlobalSection(ProjectConfigurationPlatforms) = postSolution
		{FB44BAD0-067F-43B5-87C5-944B3397D918}.Debug|Any CPU.ActiveCfg = Debug|Any CPU
		{FB44BAD0-067F-43B5-87C5-944B3397D918}.Debug|Any CPU.Build.0 = Debug|Any CPU
		{FB44BAD0-067F-43B5-87C5-944B3397D918}.Release|Any CPU.ActiveCfg = Release|Any CPU
		{FB44BAD0-067F-43B5-87C5-944B3397D918}.Release|Any CPU.Build.0 = Release|Any CPU
	EndGlobalSection
	GlobalSection(SolutionProperties) = preSolution
		HideSolutionNode = FALSE
	EndGlobalSection
	GlobalSection(ExtensibilityGlobals) = postSolution
		SolutionGuid = {E924A0B6-3B64-496F-A755-35C96BB3DD3F}
	EndGlobalSection
EndGlobal
