
Microsoft Visual Studio Solution File, Format Version 12.00
# Visual Studio Version 16
VisualStudioVersion = 16.0.31112.23
MinimumVisualStudioVersion = 10.0.40219.1
Project("{FAE04EC0-301F-11D3-BF4B-00C04F79EFBC}") = "czas24H", "czas24H\czas24H.csproj", "{2F579E1F-6BB8-48C5-91DB-A8B20C5A1853}"
EndProject
Global
	GlobalSection(SolutionConfigurationPlatforms) = preSolution
		Debug|Any CPU = Debug|Any CPU
		Release|Any CPU = Release|Any CPU
	EndGlobalSection
	GlobalSection(ProjectConfigurationPlatforms) = postSolution
		{2F579E1F-6BB8-48C5-91DB-A8B20C5A1853}.Debug|Any CPU.ActiveCfg = Debug|Any CPU
		{2F579E1F-6BB8-48C5-91DB-A8B20C5A1853}.Debug|Any CPU.Build.0 = Debug|Any CPU
		{2F579E1F-6BB8-48C5-91DB-A8B20C5A1853}.Release|Any CPU.ActiveCfg = Release|Any CPU
		{2F579E1F-6BB8-48C5-91DB-A8B20C5A1853}.Release|Any CPU.Build.0 = Release|Any CPU
	EndGlobalSection
	GlobalSection(SolutionProperties) = preSolution
		HideSolutionNode = FALSE
	EndGlobalSection
	GlobalSection(ExtensibilityGlobals) = postSolution
		SolutionGuid = {41F72C33-E91F-4F1B-B192-6C59D3C01142}
	EndGlobalSection
EndGlobal
