
Microsoft Visual Studio Solution File, Format Version 12.00
# Visual Studio Version 16
VisualStudioVersion = 16.0.31112.23
MinimumVisualStudioVersion = 10.0.40219.1
Project("{FAE04EC0-301F-11D3-BF4B-00C04F79EFBC}") = "Kolejka i stos", "Kolejka i stos\Kolejka i stos.csproj", "{8F25C5B9-EC10-492E-B150-EB4DC7399B1D}"
EndProject
Global
	GlobalSection(SolutionConfigurationPlatforms) = preSolution
		Debug|Any CPU = Debug|Any CPU
		Release|Any CPU = Release|Any CPU
	EndGlobalSection
	GlobalSection(ProjectConfigurationPlatforms) = postSolution
		{8F25C5B9-EC10-492E-B150-EB4DC7399B1D}.Debug|Any CPU.ActiveCfg = Debug|Any CPU
		{8F25C5B9-EC10-492E-B150-EB4DC7399B1D}.Debug|Any CPU.Build.0 = Debug|Any CPU
		{8F25C5B9-EC10-492E-B150-EB4DC7399B1D}.Release|Any CPU.ActiveCfg = Release|Any CPU
		{8F25C5B9-EC10-492E-B150-EB4DC7399B1D}.Release|Any CPU.Build.0 = Release|Any CPU
	EndGlobalSection
	GlobalSection(SolutionProperties) = preSolution
		HideSolutionNode = FALSE
	EndGlobalSection
	GlobalSection(ExtensibilityGlobals) = postSolution
		SolutionGuid = {1ADE365F-9497-4631-8CEF-CE7D8F1C3107}
	EndGlobalSection
EndGlobal
