
Microsoft Visual Studio Solution File, Format Version 12.00
# Visual Studio Version 16
VisualStudioVersion = 16.0.31112.23
MinimumVisualStudioVersion = 10.0.40219.1
Project("{FAE04EC0-301F-11D3-BF4B-00C04F79EFBC}") = "hotelfloors", "hotelfloors\hotelfloors.csproj", "{FDFE260E-85D1-476F-BE2C-0368AF994054}"
EndProject
Global
	GlobalSection(SolutionConfigurationPlatforms) = preSolution
		Debug|Any CPU = Debug|Any CPU
		Release|Any CPU = Release|Any CPU
	EndGlobalSection
	GlobalSection(ProjectConfigurationPlatforms) = postSolution
		{FDFE260E-85D1-476F-BE2C-0368AF994054}.Debug|Any CPU.ActiveCfg = Debug|Any CPU
		{FDFE260E-85D1-476F-BE2C-0368AF994054}.Debug|Any CPU.Build.0 = Debug|Any CPU
		{FDFE260E-85D1-476F-BE2C-0368AF994054}.Release|Any CPU.ActiveCfg = Release|Any CPU
		{FDFE260E-85D1-476F-BE2C-0368AF994054}.Release|Any CPU.Build.0 = Release|Any CPU
	EndGlobalSection
	GlobalSection(SolutionProperties) = preSolution
		HideSolutionNode = FALSE
	EndGlobalSection
	GlobalSection(ExtensibilityGlobals) = postSolution
		SolutionGuid = {2DB910AF-76B0-432C-BF3F-9FA2C5ACFD13}
	EndGlobalSection
EndGlobal
