
Microsoft Visual Studio Solution File, Format Version 12.00
# Visual Studio Version 16
VisualStudioVersion = 16.0.31112.23
MinimumVisualStudioVersion = 10.0.40219.1
Project("{FAE04EC0-301F-11D3-BF4B-00C04F79EFBC}") = "zadanie SMPSEQ3", "zadanie SMPSEQ3\zadanie SMPSEQ3.csproj", "{8594838C-1C3D-45BC-8455-A6EF8E264095}"
EndProject
Global
	GlobalSection(SolutionConfigurationPlatforms) = preSolution
		Debug|Any CPU = Debug|Any CPU
		Release|Any CPU = Release|Any CPU
	EndGlobalSection
	GlobalSection(ProjectConfigurationPlatforms) = postSolution
		{8594838C-1C3D-45BC-8455-A6EF8E264095}.Debug|Any CPU.ActiveCfg = Debug|Any CPU
		{8594838C-1C3D-45BC-8455-A6EF8E264095}.Debug|Any CPU.Build.0 = Debug|Any CPU
		{8594838C-1C3D-45BC-8455-A6EF8E264095}.Release|Any CPU.ActiveCfg = Release|Any CPU
		{8594838C-1C3D-45BC-8455-A6EF8E264095}.Release|Any CPU.Build.0 = Release|Any CPU
	EndGlobalSection
	GlobalSection(SolutionProperties) = preSolution
		HideSolutionNode = FALSE
	EndGlobalSection
	GlobalSection(ExtensibilityGlobals) = postSolution
		SolutionGuid = {065F121A-FF71-44A5-BA84-55A221060AEA}
	EndGlobalSection
EndGlobal
